// !$*UTF8*$!
{
	archiveVersion = 1;
	classes = {
	};
	objectVersion = 46;
	objects = {

/* Begin PBXBuildFile section */
		963750731CCEA76600B35263 /* AppDelegate.swift in Sources */ = {isa = PBXBuildFile; fileRef = 963750721CCEA76600B35263 /* AppDelegate.swift */; };
		963750751CCEA76600B35263 /* ViewController.swift in Sources */ = {isa = PBXBuildFile; fileRef = 963750741CCEA76600B35263 /* ViewController.swift */; };
		963750781CCEA76600B35263 /* Main.storyboard in Resources */ = {isa = PBXBuildFile; fileRef = 963750761CCEA76600B35263 /* Main.storyboard */; };
		9637507B1CCEA76600B35263 /* CoreDataDemo.xcdatamodeld in Sources */ = {isa = PBXBuildFile; fileRef = 963750791CCEA76600B35263 /* CoreDataDemo.xcdatamodeld */; };
		9637507D1CCEA76600B35263 /* Assets.xcassets in Resources */ = {isa = PBXBuildFile; fileRef = 9637507C1CCEA76600B35263 /* Assets.xcassets */; };
		963750801CCEA76600B35263 /* LaunchScreen.storyboard in Resources */ = {isa = PBXBuildFile; fileRef = 9637507E1CCEA76600B35263 /* LaunchScreen.storyboard */; };
		9637508B1CCEA76600B35263 /* CoreDataDemoTests.swift in Sources */ = {isa = PBXBuildFile; fileRef = 9637508A1CCEA76600B35263 /* CoreDataDemoTests.swift */; };
		963750961CCEA76600B35263 /* CoreDataDemoUITests.swift in Sources */ = {isa = PBXBuildFile; fileRef = 963750951CCEA76600B35263 /* CoreDataDemoUITests.swift */; };
		963750A51CCEA86B00B35263 /* Contacts+CoreDataProperties.swift in Sources */ = {isa = PBXBuildFile; fileRef = 963750A31CCEA86B00B35263 /* Contacts+CoreDataProperties.swift */; };
		963750A61CCEA86B00B35263 /* Contacts.swift in Sources */ = {isa = PBXBuildFile; fileRef = 963750A41CCEA86B00B35263 /* Contacts.swift */; };
/* End PBXBuildFile section */

/* Begin PBXContainerItemProxy section */
		963750871CCEA76600B35263 /* PBXContainerItemProxy */ = {
			isa = PBXContainerItemProxy;
			containerPortal = 963750671CCEA76600B35263 /* Project object */;
			proxyType = 1;
			remoteGlobalIDString = 9637506E1CCEA76600B35263;
			remoteInfo = CoreDataDemo;
		};
		963750921CCEA76600B35263 /* PBXContainerItemProxy */ = {
			isa = PBXContainerItemProxy;
			containerPortal = 963750671CCEA76600B35263 /* Project object */;
			proxyType = 1;
			remoteGlobalIDString = 9637506E1CCEA76600B35263;
			remoteInfo = CoreDataDemo;
		};
/* End PBXContainerItemProxy section */

/* Begin PBXFileReference section */
		9637506F1CCEA76600B35263 /* CoreDataDemo.app */ = {isa = PBXFileReference; explicitFileType = wrapper.application; includeInIndex = 0; path = CoreDataDemo.app; sourceTree = BUILT_PRODUCTS_DIR; };
		963750721CCEA76600B35263 /* AppDelegate.swift */ = {isa = PBXFileReference; lastKnownFileType = sourcecode.swift; path = AppDelegate.swift; sourceTree = "<group>"; };
		963750741CCEA76600B35263 /* ViewController.swift */ = {isa = PBXFileReference; lastKnownFileType = sourcecode.swift; path = ViewController.swift; sourceTree = "<group>"; };
		963750771CCEA76600B35263 /* Base */ = {isa = PBXFileReference; lastKnownFileType = file.storyboard; name = Base; path = Base.lproj/Main.storyboard; sourceTree = "<group>"; };
		9637507A1CCEA76600B35263 /* CoreDataDemo.xcdatamodel */ = {isa = PBXFileReference; lastKnownFileType = wrapper.xcdatamodel; path = CoreDataDemo.xcdatamodel; sourceTree = "<group>"; };
		9637507C1CCEA76600B35263 /* Assets.xcassets */ = {isa = PBXFileReference; lastKnownFileType = folder.assetcatalog; path = Assets.xcassets; sourceTree = "<group>"; };
		9637507F1CCEA76600B35263 /* Base */ = {isa = PBXFileReference; lastKnownFileType = file.storyboard; name = Base; path = Base.lproj/LaunchScreen.storyboard; sourceTree = "<group>"; };
		963750811CCEA76600B35263 /* Info.plist */ = {isa = PBXFileReference; lastKnownFileType = text.plist.xml; path = Info.plist; sourceTree = "<group>"; };
		963750861CCEA76600B35263 /* CoreDataDemoTests.xctest */ = {isa = PBXFileReference; explicitFileType = wrapper.cfbundle; includeInIndex = 0; path = CoreDataDemoTests.xctest; sourceTree = BUILT_PRODUCTS_DIR; };
		9637508A1CCEA76600B35263 /* CoreDataDemoTests.swift */ = {isa = PBXFileReference; lastKnownFileType = sourcecode.swift; path = CoreDataDemoTests.swift; sourceTree = "<group>"; };
		9637508C1CCEA76600B35263 /* Info.plist */ = {isa = PBXFileReference; lastKnownFileType = text.plist.xml; path = Info.plist; sourceTree = "<group>"; };
		963750911CCEA76600B35263 /* CoreDataDemoUITests.xctest */ = {isa = PBXFileReference; explicitFileType = wrapper.cfbundle; includeInIndex = 0; path = CoreDataDemoUITests.xctest; sourceTree = BUILT_PRODUCTS_DIR; };
		963750951CCEA76600B35263 /* CoreDataDemoUITests.swift */ = {isa = PBXFileReference; lastKnownFileType = sourcecode.swift; path = CoreDataDemoUITests.swift; sourceTree = "<group>"; };
		963750971CCEA76600B35263 /* Info.plist */ = {isa = PBXFileReference; lastKnownFileType = text.plist.xml; path = Info.plist; sourceTree = "<group>"; };
		963750A31CCEA86B00B35263 /* Contacts+CoreDataProperties.swift */ = {isa = PBXFileReference; fileEncoding = 4; lastKnownFileType = sourcecode.swift; path = "Contacts+CoreDataProperties.swift"; sourceTree = "<group>"; };
		963750A41CCEA86B00B35263 /* Contacts.swift */ = {isa = PBXFileReference; fileEncoding = 4; lastKnownFileType = sourcecode.swift; path = Contacts.swift; sourceTree = "<group>"; };
/* End PBXFileReference section */

/* Begin PBXFrameworksBuildPhase section */
		9637506C1CCEA76600B35263 /* Frameworks */ = {
			isa = PBXFrameworksBuildPhase;
			buildActionMask = 2147483647;
			files = (
			);
			runOnlyForDeploymentPostprocessing = 0;
		};
		963750831CCEA76600B35263 /* Frameworks */ = {
			isa = PBXFrameworksBuildPhase;
			buildActionMask = 2147483647;
			files = (
			);
			runOnlyForDeploymentPostprocessing = 0;
		};
		9637508E1CCEA76600B35263 /* Frameworks */ = {
			isa = PBXFrameworksBuildPhase;
			buildActionMask = 2147483647;
			files = (
			);
			runOnlyForDeploymentPostprocessing = 0;
		};
/* End PBXFrameworksBuildPhase section */

/* Begin PBXGroup section */
		963750661CCEA76600B35263 = {
			isa = PBXGroup;
			children = (
				963750A31CCEA86B00B35263 /* Contacts+CoreDataProperties.swift */,
				963750A41CCEA86B00B35263 /* Contacts.swift */,
				963750711CCEA76600B35263 /* CoreDataDemo */,
				963750891CCEA76600B35263 /* CoreDataDemoTests */,
				963750941CCEA76600B35263 /* CoreDataDemoUITests */,
				963750701CCEA76600B35263 /* Products */,
			);
			sourceTree = "<group>";
		};
		963750701CCEA76600B35263 /* Products */ = {
			isa = PBXGroup;
			children = (
				9637506F1CCEA76600B35263 /* CoreDataDemo.app */,
				963750861CCEA76600B35263 /* CoreDataDemoTests.xctest */,
				963750911CCEA76600B35263 /* CoreDataDemoUITests.xctest */,
			);
			name = Products;
			sourceTree = "<group>";
		};
		963750711CCEA76600B35263 /* CoreDataDemo */ = {
			isa = PBXGroup;
			children = (
				963750721CCEA76600B35263 /* AppDelegate.swift */,
				963750741CCEA76600B35263 /* ViewController.swift */,
				963750761CCEA76600B35263 /* Main.storyboard */,
				9637507C1CCEA76600B35263 /* Assets.xcassets */,
				9637507E1CCEA76600B35263 /* LaunchScreen.storyboard */,
				963750811CCEA76600B35263 /* Info.plist */,
				963750791CCEA76600B35263 /* CoreDataDemo.xcdatamodeld */,
			);
			path = CoreDataDemo;
			sourceTree = "<group>";
		};
		963750891CCEA76600B35263 /* CoreDataDemoTests */ = {
			isa = PBXGroup;
			children = (
				9637508A1CCEA76600B35263 /* CoreDataDemoTests.swift */,
				9637508C1CCEA76600B35263 /* Info.plist */,
			);
			path = CoreDataDemoTests;
			sourceTree = "<group>";
		};
		963750941CCEA76600B35263 /* CoreDataDemoUITests */ = {
			isa = PBXGroup;
			children = (
				963750951CCEA76600B35263 /* CoreDataDemoUITests.swift */,
				963750971CCEA76600B35263 /* Info.plist */,
			);
			path = CoreDataDemoUITests;
			sourceTree = "<group>";
		};
/* End PBXGroup section */

/* Begin PBXNativeTarget section */
		9637506E1CCEA76600B35263 /* CoreDataDemo */ = {
			isa = PBXNativeTarget;
			buildConfigurationList = 9637509A1CCEA76600B35263 /* Build configuration list for PBXNativeTarget "CoreDataDemo" */;
			buildPhases = (
				9637506B1CCEA76600B35263 /* Sources */,
				9637506C1CCEA76600B35263 /* Frameworks */,
				9637506D1CCEA76600B35263 /* Resources */,
			);
			buildRules = (
			);
			dependencies = (
			);
			name = CoreDataDemo;
			productName = CoreDataDemo;
			productReference = 9637506F1CCEA76600B35263 /* CoreDataDemo.app */;
			productType = "com.apple.product-type.application";
		};
		963750851CCEA76600B35263 /* CoreDataDemoTests */ = {
			isa = PBXNativeTarget;
			buildConfigurationList = 9637509D1CCEA76600B35263 /* Build configuration list for PBXNativeTarget "CoreDataDemoTests" */;
			buildPhases = (
				963750821CCEA76600B35263 /* Sources */,
				963750831CCEA76600B35263 /* Frameworks */,
				963750841CCEA76600B35263 /* Resources */,
			);
			buildRules = (
			);
			dependencies = (
				963750881CCEA76600B35263 /* PBXTargetDependency */,
			);
			name = CoreDataDemoTests;
			productName = CoreDataDemoTests;
			productReference = 963750861CCEA76600B35263 /* CoreDataDemoTests.xctest */;
			productType = "com.apple.product-type.bundle.unit-test";
		};
		963750901CCEA76600B35263 /* CoreDataDemoUITests */ = {
			isa = PBXNativeTarget;
			buildConfigurationList = 963750A01CCEA76600B35263 /* Build configuration list for PBXNativeTarget "CoreDataDemoUITests" */;
			buildPhases = (
				9637508D1CCEA76600B35263 /* Sources */,
				9637508E1CCEA76600B35263 /* Frameworks */,
				9637508F1CCEA76600B35263 /* Resources */,
			);
			buildRules = (
			);
			dependencies = (
				963750931CCEA76600B35263 /* PBXTargetDependency */,
			);
			name = CoreDataDemoUITests;
			productName = CoreDataDemoUITests;
			productReference = 963750911CCEA76600B35263 /* CoreDataDemoUITests.xctest */;
			productType = "com.apple.product-type.bundle.ui-testing";
		};
/* End PBXNativeTarget section */

/* Begin PBXProject section */
		963750671CCEA76600B35263 /* Project object */ = {
			isa = PBXProject;
			attributes = {
				LastSwiftUpdateCheck = 0730;
				LastUpgradeCheck = 0730;
				ORGANIZATIONNAME = Raggios;
				TargetAttributes = {
					9637506E1CCEA76600B35263 = {
						CreatedOnToolsVersion = 7.3;
						DevelopmentTeam = 98NVHLW32X;
					};
					963750851CCEA76600B35263 = {
						CreatedOnToolsVersion = 7.3;
						DevelopmentTeam = 98NVHLW32X;
						TestTargetID = 9637506E1CCEA76600B35263;
					};
					963750901CCEA76600B35263 = {
						CreatedOnToolsVersion = 7.3;
						DevelopmentTeam = 98NVHLW32X;
						TestTargetID = 9637506E1CCEA76600B35263;
					};
				};
			};
			buildConfigurationList = 9637506A1CCEA76600B35263 /* Build configuration list for PBXProject "CoreDataDemo" */;
			compatibilityVersion = "Xcode 3.2";
			developmentRegion = English;
			hasScannedForEncodings = 0;
			knownRegions = (
				en,
				Base,
			);
			mainGroup = 963750661CCEA76600B35263;
			productRefGroup = 963750701CCEA76600B35263 /* Products */;
			projectDirPath = "";
			projectRoot = "";
			targets = (
				9637506E1CCEA76600B35263 /* CoreDataDemo */,
				963750851CCEA76600B35263 /* CoreDataDemoTests */,
				963750901CCEA76600B35263 /* CoreDataDemoUITests */,
			);
		};
/* End PBXProject section */

/* Begin PBXResourcesBuildPhase section */
		9637506D1CCEA76600B35263 /* Resources */ = {
			isa = PBXResourcesBuildPhase;
			buildActionMask = 2147483647;
			files = (
				963750801CCEA76600B35263 /* LaunchScreen.storyboard in Resources */,
				9637507D1CCEA76600B35263 /* Assets.xcassets in Resources */,
				963750781CCEA76600B35263 /* Main.storyboard in Resources */,
			);
			runOnlyForDeploymentPostprocessing = 0;
		};
		963750841CCEA76600B35263 /* Resources */ = {
			isa = PBXResourcesBuildPhase;
			buildActionMask = 2147483647;
			files = (
			);
			runOnlyForDeploymentPostprocessing = 0;
		};
		9637508F1CCEA76600B35263 /* Resources */ = {
			isa = PBXResourcesBuildPhase;
			buildActionMask = 2147483647;
			files = (
			);
			runOnlyForDeploymentPostprocessing = 0;
		};
/* End PBXResourcesBuildPhase section */

/* Begin PBXSourcesBuildPhase section */
		9637506B1CCEA76600B35263 /* Sources */ = {
			isa = PBXSourcesBuildPhase;
			buildActionMask = 2147483647;
			files = (
				963750751CCEA76600B35263 /* ViewController.swift in Sources */,
				9637507B1CCEA76600B35263 /* CoreDataDemo.xcdatamodeld in Sources */,
				963750A51CCEA86B00B35263 /* Contacts+CoreDataProperties.swift in Sources */,
				963750731CCEA76600B35263 /* AppDelegate.swift in Sources */,
				963750A61CCEA86B00B35263 /* Contacts.swift in Sources */,
			);
			runOnlyForDeploymentPostprocessing = 0;
		};
		963750821CCEA76600B35263 /* Sources */ = {
			isa = PBXSourcesBuildPhase;
			buildActionMask = 2147483647;
			files = (
				9637508B1CCEA76600B35263 /* CoreDataDemoTests.swift in Sources */,
			);
			runOnlyForDeploymentPostprocessing = 0;
		};
		9637508D1CCEA76600B35263 /* Sources */ = {
			isa = PBXSourcesBuildPhase;
			buildActionMask = 2147483647;
			files = (
				963750961CCEA76600B35263 /* CoreDataDemoUITests.swift in Sources */,
			);
			runOnlyForDeploymentPostprocessing = 0;
		};
/* End PBXSourcesBuildPhase section */

/* Begin PBXTargetDependency section */
		963750881CCEA76600B35263 /* PBXTargetDependency */ = {
			isa = PBXTargetDependency;
			target = 9637506E1CCEA76600B35263 /* CoreDataDemo */;
			targetProxy = 963750871CCEA76600B35263 /* PBXContainerItemProxy */;
		};
		963750931CCEA76600B35263 /* PBXTargetDependency */ = {
			isa = PBXTargetDependency;
			target = 9637506E1CCEA76600B35263 /* CoreDataDemo */;
			targetProxy = 963750921CCEA76600B35263 /* PBXContainerItemProxy */;
		};
/* End PBXTargetDependency section */

/* Begin PBXVariantGroup section */
		963750761CCEA76600B35263 /* Main.storyboard */ = {
			isa = PBXVariantGroup;
			children = (
				963750771CCEA76600B35263 /* Base */,
			);
			name = Main.storyboard;
			sourceTree = "<group>";
		};
		9637507E1CCEA76600B35263 /* LaunchScreen.storyboard */ = {
			isa = PBXVariantGroup;
			children = (
				9637507F1CCEA76600B35263 /* Base */,
			);
			name = LaunchScreen.storyboard;
			sourceTree = "<group>";
		};
/* End PBXVariantGroup section */

/* Begin XCBuildConfiguration section */
		963750981CCEA76600B35263 /* Debug */ = {
			isa = XCBuildConfiguration;
			buildSettings = {
				ALWAYS_SEARCH_USER_PATHS = NO;
				CLANG_ANALYZER_NONNULL = YES;
				CLANG_CXX_LANGUAGE_STANDARD = "gnu++0x";
				CLANG_CXX_LIBRARY = "libc++";
				CLANG_ENABLE_MODULES = YES;
				CLANG_ENABLE_OBJC_ARC = YES;
				CLANG_WARN_BOOL_CONVERSION = YES;
				CLANG_WARN_CONSTANT_CONVERSION = YES;
				CLANG_WARN_DIRECT_OBJC_ISA_USAGE = YES_ERROR;
				CLANG_WARN_EMPTY_BODY = YES;
				CLANG_WARN_ENUM_CONVERSION = YES;
				CLANG_WARN_INT_CONVERSION = YES;
				CLANG_WARN_OBJC_ROOT_CLASS = YES_ERROR;
				CLANG_WARN_UNREACHABLE_CODE = YES;
				CLANG_WARN__DUPLICATE_METHOD_MATCH = YES;
				"CODE_SIGN_IDENTITY[sdk=iphoneos*]" = "iPhone Developer";
				COPY_PHASE_STRIP = NO;
				DEBUG_INFORMATION_FORMAT = dwarf;
				ENABLE_STRICT_OBJC_MSGSEND = YES;
				ENABLE_TESTABILITY = YES;
				GCC_C_LANGUAGE_STANDARD = gnu99;
				GCC_DYNAMIC_NO_PIC = NO;
				GCC_NO_COMMON_BLOCKS = YES;
				GCC_OPTIMIZATION_LEVEL = 0;
				GCC_PREPROCESSOR_DEFINITIONS = (
					"DEBUG=1",
					"$(inherited)",
				);
				GCC_WARN_64_TO_32_BIT_CONVERSION = YES;
				GCC_WARN_ABOUT_RETURN_TYPE = YES_ERROR;
				GCC_WARN_UNDECLARED_SELECTOR = YES;
				GCC_WARN_UNINITIALIZED_AUTOS = YES_AGGRESSIVE;
				GCC_WARN_UNUSED_FUNCTION = YES;
				GCC_WARN_UNUSED_VARIABLE = YES;
				IPHONEOS_DEPLOYMENT_TARGET = 9.3;
				MTL_ENABLE_DEBUG_INFO = YES;
				ONLY_ACTIVE_ARCH = YES;
				SDKROOT = iphoneos;
				SWIFT_OPTIMIZATION_LEVEL = "-Onone";
				TARGETED_DEVICE_FAMILY = "1,2";
			};
			name = Debug;
		};
		963750991CCEA76600B35263 /* Release */ = {
			isa = XCBuildConfiguration;
			buildSettings = {
				ALWAYS_SEARCH_USER_PATHS = NO;
				CLANG_ANALYZER_NONNULL = YES;
				CLANG_CXX_LANGUAGE_STANDARD = "gnu++0x";
				CLANG_CXX_LIBRARY = "libc++";
				CLANG_ENABLE_MODULES = YES;
				CLANG_ENABLE_OBJC_ARC = YES;
				CLANG_WARN_BOOL_CONVERSION = YES;
				CLANG_WARN_CONSTANT_CONVERSION = YES;
				CLANG_WARN_DIRECT_OBJC_ISA_USAGE = YES_ERROR;
				CLANG_WARN_EMPTY_BODY = YES;
				CLANG_WARN_ENUM_CONVERSION = YES;
				CLANG_WARN_INT_CONVERSION = YES;
				CLANG_WARN_OBJC_ROOT_CLASS = YES_ERROR;
				CLANG_WARN_UNREACHABLE_CODE = YES;
				CLANG_WARN__DUPLICATE_METHOD_MATCH = YES;
				"CODE_SIGN_IDENTITY[sdk=iphoneos*]" = "iPhone Developer";
				COPY_PHASE_STRIP = NO;
				DEBUG_INFORMATION_FORMAT = "dwarf-with-dsym";
				ENABLE_NS_ASSERTIONS = NO;
				ENABLE_STRICT_OBJC_MSGSEND = YES;
				GCC_C_LANGUAGE_STANDARD = gnu99;
				GCC_NO_COMMON_BLOCKS = YES;
				GCC_WARN_64_TO_32_BIT_CONVERSION = YES;
				GCC_WARN_ABOUT_RETURN_TYPE = YES_ERROR;
				GCC_WARN_UNDECLARED_SELECTOR = YES;
				GCC_WARN_UNINITIALIZED_AUTOS = YES_AGGRESSIVE;
				GCC_WARN_UNUSED_FUNCTION = YES;
				GCC_WARN_UNUSED_VARIABLE = YES;
				IPHONEOS_DEPLOYMENT_TARGET = 9.3;
				MTL_ENABLE_DEBUG_INFO = NO;
				SDKROOT = iphoneos;
				TARGETED_DEVICE_FAMILY = "1,2";
				VALIDATE_PRODUCT = YES;
			};
			name = Release;
		};
		9637509B1CCEA76600B35263 /* Debug */ = {
			isa = XCBuildConfiguration;
			buildSettings = {
				ASSETCATALOG_COMPILER_APPICON_NAME = AppIcon;
				INFOPLIST_FILE = CoreDataDemo/Info.plist;
				LD_RUNPATH_SEARCH_PATHS = "$(inherited) @executable_path/Frameworks";
				PRODUCT_BUNDLE_IDENTIFIER = home.raggio.CoreDataDemo;
				PRODUCT_NAME = "$(TARGET_NAME)";
			};
			name = Debug;
		};
		9637509C1CCEA76600B35263 /* Release */ = {
			isa = XCBuildConfiguration;
			buildSettings = {
				ASSETCATALOG_COMPILER_APPICON_NAME = AppIcon;
				INFOPLIST_FILE = CoreDataDemo/Info.plist;
				LD_RUNPATH_SEARCH_PATHS = "$(inherited) @executable_path/Frameworks";
				PRODUCT_BUNDLE_IDENTIFIER = home.raggio.CoreDataDemo;
				PRODUCT_NAME = "$(TARGET_NAME)";
			};
			name = Release;
		};
		9637509E1CCEA76600B35263 /* Debug */ = {
			isa = XCBuildConfiguration;
			buildSettings = {
				BUNDLE_LOADER = "$(TEST_HOST)";
				INFOPLIST_FILE = CoreDataDemoTests/Info.plist;
				LD_RUNPATH_SEARCH_PATHS = "$(inherited) @executable_path/Frameworks @loader_path/Frameworks";
				PRODUCT_BUNDLE_IDENTIFIER = home.raggio.CoreDataDemoTests;
				PRODUCT_NAME = "$(TARGET_NAME)";
				TEST_HOST = "$(BUILT_PRODUCTS_DIR)/CoreDataDemo.app/CoreDataDemo";
			};
			name = Debug;
		};
		9637509F1CCEA76600B35263 /* Release */ = {
			isa = XCBuildConfiguration;
			buildSettings = {
				BUNDLE_LOADER = "$(TEST_HOST)";
				INFOPLIST_FILE = CoreDataDemoTests/Info.plist;
				LD_RUNPATH_SEARCH_PATHS = "$(inherited) @executable_path/Frameworks @loader_path/Frameworks";
				PRODUCT_BUNDLE_IDENTIFIER = home.raggio.CoreDataDemoTests;
				PRODUCT_NAME = "$(TARGET_NAME)";
				TEST_HOST = "$(BUILT_PRODUCTS_DIR)/CoreDataDemo.app/CoreDataDemo";
			};
			name = Release;
		};
		963750A11CCEA76600B35263 /* Debug */ = {
			isa = XCBuildConfiguration;
			buildSettings = {
				INFOPLIST_FILE = CoreDataDemoUITests/Info.plist;
				LD_RUNPATH_SEARCH_PATHS = "$(inherited) @executable_path/Frameworks @loader_path/Frameworks";
				PRODUCT_BUNDLE_IDENTIFIER = home.raggio.CoreDataDemoUITests;
				PRODUCT_NAME = "$(TARGET_NAME)";
				TEST_TARGET_NAME = CoreDataDemo;
			};
			name = Debug;
		};
		963750A21CCEA76600B35263 /* Release */ = {
			isa = XCBuildConfiguration;
			buildSettings = {
				INFOPLIST_FILE = CoreDataDemoUITests/Info.plist;
				LD_RUNPATH_SEARCH_PATHS = "$(inherited) @executable_path/Frameworks @loader_path/Frameworks";
				PRODUCT_BUNDLE_IDENTIFIER = home.raggio.CoreDataDemoUITests;
				PRODUCT_NAME = "$(TARGET_NAME)";
				TEST_TARGET_NAME = CoreDataDemo;
			};
			name = Release;
		};
/* End XCBuildConfiguration section */

/* Begin XCConfigurationList section */
		9637506A1CCEA76600B35263 /* Build configuration list for PBXProject "CoreDataDemo" */ = {
			isa = XCConfigurationList;
			buildConfigurations = (
				963750981CCEA76600B35263 /* Debug */,
				963750991CCEA76600B35263 /* Release */,
			);
			defaultConfigurationIsVisible = 0;
			defaultConfigurationName = Release;
		};
		9637509A1CCEA76600B35263 /* Build configuration list for PBXNativeTarget "CoreDataDemo" */ = {
			isa = XCConfigurationList;
			buildConfigurations = (
				9637509B1CCEA76600B35263 /* Debug */,
				9637509C1CCEA76600B35263 /* Release */,
			);
			defaultConfigurationIsVisible = 0;
		};
		9637509D1CCEA76600B35263 /* Build configuration list for PBXNativeTarget "CoreDataDemoTests" */ = {
			isa = XCConfigurationList;
			buildConfigurations = (
				9637509E1CCEA76600B35263 /* Debug */,
				9637509F1CCEA76600B35263 /* Release */,
			);
			defaultConfigurationIsVisible = 0;
		};
		963750A01CCEA76600B35263 /* Build configuration list for PBXNativeTarget "CoreDataDemoUITests" */ = {
			isa = XCConfigurationList;
			buildConfigurations = (
				963750A11CCEA76600B35263 /* Debug */,
				963750A21CCEA76600B35263 /* Release */,
			);
			defaultConfigurationIsVisible = 0;
		};
/* End XCConfigurationList section */

/* Begin XCVersionGroup section */
		963750791CCEA76600B35263 /* CoreDataDemo.xcdatamodeld */ = {
			isa = XCVersionGroup;
			children = (
				9637507A1CCEA76600B35263 /* CoreDataDemo.xcdatamodel */,
			);
			currentVersion = 9637507A1CCEA76600B35263 /* CoreDataDemo.xcdatamodel */;
			path = CoreDataDemo.xcdatamodeld;
			sourceTree = "<group>";
			versionGroupType = wrapper.xcdatamodel;
		};
/* End XCVersionGroup section */
	};
	rootObject = 963750671CCEA76600B35263 /* Project object */;
}
